{
  "version": 4,
  "terraform_version": "1.12.2",
  "serial": 3,
  "lineage": "72028bb7-3899-5d71-00e3-8026a3e561f2",
  "outputs": {},
  "resources": [
    {
      "mode": "managed",
      "type": "aws_db_subnet_group",
      "name": "productos_db_subnet_group",
      "provider": "provider[\"registry.terraform.io/hashicorp/aws\"]",
      "instances": [
        {
          "schema_version": 0,
          "attributes": {
            "arn": "arn:aws:rds:us-east-2:544693640580:subgrp:productos-db-subnet-group",
            "description": "Managed by Terraform",
            "id": "productos-db-subnet-group",
            "name": "productos-db-subnet-group",
            "name_prefix": "",
            "subnet_ids": [
              "subnet-051d0e654ced9ec2d",
              "subnet-0b3c889a793c6e4b0",
              "subnet-0d597f8de83eb4deb"
            ],
            "supported_network_types": [
              "IPV4"
            ],
            "tags": {
              "Name": "productos-db-subnet-group"
            },
            "tags_all": {
              "Name": "productos-db-subnet-group"
            },
            "vpc_id": "vpc-0835c85f3206ba647"
          },
          "sensitive_attributes": [],
          "identity_schema_version": 0,
          "private": "bnVsbA=="
        }
      ]
    }
  ],
  "check_results": null
}
